
Microsoft Visual Studio Solution File, Format Version 12.00
Project("{FAE04EC0-301F-11D3-BF4B-00C04F79EFBC}") = "EventBus", "src\EventBus.csproj", "{30E50B0B-BD07-4091-AFDF-13C8851FACD8}"
EndProject
Project("{FAE04EC0-301F-11D3-BF4B-00C04F79EFBC}") = "Tests", "tests\Tests.csproj", "{1C5AAF7D-CD1D-49C5-9DFD-6E787D178341}"
EndProject
Project("{2150E333-8FDC-42A3-9474-1A3956D46DE8}") = "Solution Items", "Solution Items", "{48ED8CDA-FCD6-4673-943C-D0F343BA49F3}"
	ProjectSection(SolutionItems) = preProject
		.gitattributes = .gitattributes
		.gitignore = .gitignore
	EndProjectSection
EndProject
Global
	GlobalSection(SolutionConfigurationPlatforms) = preSolution
		Debug|Any CPU = Debug|Any CPU
		Release|Any CPU = Release|Any CPU
	EndGlobalSection
	GlobalSection(ProjectConfigurationPlatforms) = postSolution
		{30E50B0B-BD07-4091-AFDF-13C8851FACD8}.Debug|Any CPU.ActiveCfg = Debug|Any CPU
		{30E50B0B-BD07-4091-AFDF-13C8851FACD8}.Debug|Any CPU.Build.0 = Debug|Any CPU
		{30E50B0B-BD07-4091-AFDF-13C8851FACD8}.Release|Any CPU.ActiveCfg = Release|Any CPU
		{30E50B0B-BD07-4091-AFDF-13C8851FACD8}.Release|Any CPU.Build.0 = Release|Any CPU
		{1C5AAF7D-CD1D-49C5-9DFD-6E787D178341}.Debug|Any CPU.ActiveCfg = Debug|Any CPU
		{1C5AAF7D-CD1D-49C5-9DFD-6E787D178341}.Debug|Any CPU.Build.0 = Debug|Any CPU
		{1C5AAF7D-CD1D-49C5-9DFD-6E787D178341}.Release|Any CPU.ActiveCfg = Release|Any CPU
		{1C5AAF7D-CD1D-49C5-9DFD-6E787D178341}.Release|Any CPU.Build.0 = Release|Any CPU
	EndGlobalSection
EndGlobal
